
Microsoft Visual Studio Solution File, Format Version 12.00
# Visual Studio 15
VisualStudioVersion = 15.0.28307.421
MinimumVisualStudioVersion = 10.0.40219.1
Project("{FAE04EC0-301F-11D3-BF4B-00C04F79EFBC}") = "Exercise", "Exercise\Exercise.csproj", "{868D97B9-E91D-494E-B2B8-A515CCF48371}"
EndProject
Project("{FAE04EC0-301F-11D3-BF4B-00C04F79EFBC}") = "Classes", "Classes\Classes.csproj", "{CEC0AA71-CF4F-494A-98D2-8394003DFC1C}"
EndProject
Global
	GlobalSection(SolutionConfigurationPlatforms) = preSolution
		Debug|Any CPU = Debug|Any CPU
		Release|Any CPU = Release|Any CPU
	EndGlobalSection
	GlobalSection(ProjectConfigurationPlatforms) = postSolution
		{868D97B9-E91D-494E-B2B8-A515CCF48371}.Debug|Any CPU.ActiveCfg = Debug|Any CPU
		{868D97B9-E91D-494E-B2B8-A515CCF48371}.Debug|Any CPU.Build.0 = Debug|Any CPU
		{868D97B9-E91D-494E-B2B8-A515CCF48371}.Release|Any CPU.ActiveCfg = Release|Any CPU
		{868D97B9-E91D-494E-B2B8-A515CCF48371}.Release|Any CPU.Build.0 = Release|Any CPU
		{CEC0AA71-CF4F-494A-98D2-8394003DFC1C}.Debug|Any CPU.ActiveCfg = Debug|Any CPU
		{CEC0AA71-CF4F-494A-98D2-8394003DFC1C}.Debug|Any CPU.Build.0 = Debug|Any CPU
		{CEC0AA71-CF4F-494A-98D2-8394003DFC1C}.Release|Any CPU.ActiveCfg = Release|Any CPU
		{CEC0AA71-CF4F-494A-98D2-8394003DFC1C}.Release|Any CPU.Build.0 = Release|Any CPU
	EndGlobalSection
	GlobalSection(SolutionProperties) = preSolution
		HideSolutionNode = FALSE
	EndGlobalSection
	GlobalSection(ExtensibilityGlobals) = postSolution
		SolutionGuid = {4F6D8CC5-48E8-4DF1-A41D-A970FA86AE39}
	EndGlobalSection
EndGlobal
